// !$*UTF8*$!
{
	archiveVersion = 1;
	classes = {
	};
	objectVersion = 77;
	objects = {

/* Begin PBXBuildFile section */
		BC7342BF2E4AE5EF00A24ADE /* SceneDelegate.swift in Sources */ = {isa = PBXBuildFile; fileRef = BC7342BD2E4AE5EF00A24ADE /* SceneDelegate.swift */; };
		BC7342C02E4AE5EF00A24ADE /* ViewController.swift in Sources */ = {isa = PBXBuildFile; fileRef = BC7342BE2E4AE5EF00A24ADE /* ViewController.swift */; };
		BC7342C12E4AE5EF00A24ADE /* AppDelegate.swift in Sources */ = {isa = PBXBuildFile; fileRef = BC7342BA2E4AE5EF00A24ADE /* AppDelegate.swift */; };
		BC7342C32E4AE5EF00A24ADE /* Assets.xcassets in Resources */ = {isa = PBXBuildFile; fileRef = BC7342BB2E4AE5EF00A24ADE /* Assets.xcassets */; };
		BC7342E22E4B3EA300A24ADE /* Product.swift in Sources */ = {isa = PBXBuildFile; fileRef = BC7342E12E4B3E9F00A24ADE /* Product.swift */; };
		BC7342E42E4B427900A24ADE /* ProductDetail.swift in Sources */ = {isa = PBXBuildFile; fileRef = BC7342E32E4B427200A24ADE /* ProductDetail.swift */; };
		BC7342E62E4B428000A24ADE /* NutritionInfo.swift in Sources */ = {isa = PBXBuildFile; fileRef = BC7342E52E4B427C00A24ADE /* NutritionInfo.swift */; };
		BC7342E82E4B428800A24ADE /* ShopLink.swift in Sources */ = {isa = PBXBuildFile; fileRef = BC7342E72E4B428600A24ADE /* ShopLink.swift */; };
		BC7342EA2E4B479300A24ADE /* ProductRepositoryProtocol.swift in Sources */ = {isa = PBXBuildFile; fileRef = BC7342E92E4B478300A24ADE /* ProductRepositoryProtocol.swift */; };
		BC7342EC2E4B4D4600A24ADE /* SearchProductsUseCase.swift in Sources */ = {isa = PBXBuildFile; fileRef = BC7342EB2E4B4D3200A24ADE /* SearchProductsUseCase.swift */; };
		BC7342EE2E4B4D5600A24ADE /* GetProductDetailUseCase.swift in Sources */ = {isa = PBXBuildFile; fileRef = BC7342ED2E4B4D4F00A24ADE /* GetProductDetailUseCase.swift */; };
		BC7342FD2E4B56C800A24ADE /* ProductListReesponseDTO.swift in Sources */ = {isa = PBXBuildFile; fileRef = BC7342FC2E4B56BF00A24ADE /* ProductListReesponseDTO.swift */; };
		BC7342FF2E4B587400A24ADE /* ProductDetailDTO.swift in Sources */ = {isa = PBXBuildFile; fileRef = BC7342FE2E4B586E00A24ADE /* ProductDetailDTO.swift */; };
/* End PBXBuildFile section */

/* Begin PBXContainerItemProxy section */
		BCFC37982E4A0387009A03D0 /* PBXContainerItemProxy */ = {
			isa = PBXContainerItemProxy;
			containerPortal = BCFC37792E4A0385009A03D0 /* Project object */;
			proxyType = 1;
			remoteGlobalIDString = BCFC37802E4A0385009A03D0;
			remoteInfo = CaloLink;
		};
		BCFC37A22E4A0387009A03D0 /* PBXContainerItemProxy */ = {
			isa = PBXContainerItemProxy;
			containerPortal = BCFC37792E4A0385009A03D0 /* Project object */;
			proxyType = 1;
			remoteGlobalIDString = BCFC37802E4A0385009A03D0;
			remoteInfo = CaloLink;
		};
/* End PBXContainerItemProxy section */

/* Begin PBXFileReference section */
		BC7342BA2E4AE5EF00A24ADE /* AppDelegate.swift */ = {isa = PBXFileReference; lastKnownFileType = sourcecode.swift; path = AppDelegate.swift; sourceTree = "<group>"; };
		BC7342BB2E4AE5EF00A24ADE /* Assets.xcassets */ = {isa = PBXFileReference; lastKnownFileType = folder.assetcatalog; path = Assets.xcassets; sourceTree = "<group>"; };
		BC7342BC2E4AE5EF00A24ADE /* Info.plist */ = {isa = PBXFileReference; lastKnownFileType = text.plist.xml; path = Info.plist; sourceTree = "<group>"; };
		BC7342BD2E4AE5EF00A24ADE /* SceneDelegate.swift */ = {isa = PBXFileReference; lastKnownFileType = sourcecode.swift; path = SceneDelegate.swift; sourceTree = "<group>"; };
		BC7342BE2E4AE5EF00A24ADE /* ViewController.swift */ = {isa = PBXFileReference; lastKnownFileType = sourcecode.swift; path = ViewController.swift; sourceTree = "<group>"; };
		BC7342E12E4B3E9F00A24ADE /* Product.swift */ = {isa = PBXFileReference; lastKnownFileType = sourcecode.swift; path = Product.swift; sourceTree = "<group>"; };
		BC7342E32E4B427200A24ADE /* ProductDetail.swift */ = {isa = PBXFileReference; lastKnownFileType = sourcecode.swift; path = ProductDetail.swift; sourceTree = "<group>"; };
		BC7342E52E4B427C00A24ADE /* NutritionInfo.swift */ = {isa = PBXFileReference; lastKnownFileType = sourcecode.swift; path = NutritionInfo.swift; sourceTree = "<group>"; };
		BC7342E72E4B428600A24ADE /* ShopLink.swift */ = {isa = PBXFileReference; lastKnownFileType = sourcecode.swift; path = ShopLink.swift; sourceTree = "<group>"; };
		BC7342E92E4B478300A24ADE /* ProductRepositoryProtocol.swift */ = {isa = PBXFileReference; lastKnownFileType = sourcecode.swift; path = ProductRepositoryProtocol.swift; sourceTree = "<group>"; };
		BC7342EB2E4B4D3200A24ADE /* SearchProductsUseCase.swift */ = {isa = PBXFileReference; lastKnownFileType = sourcecode.swift; path = SearchProductsUseCase.swift; sourceTree = "<group>"; };
		BC7342ED2E4B4D4F00A24ADE /* GetProductDetailUseCase.swift */ = {isa = PBXFileReference; lastKnownFileType = sourcecode.swift; path = GetProductDetailUseCase.swift; sourceTree = "<group>"; };
		BC7342FC2E4B56BF00A24ADE /* ProductListReesponseDTO.swift */ = {isa = PBXFileReference; lastKnownFileType = sourcecode.swift; path = ProductListReesponseDTO.swift; sourceTree = "<group>"; };
		BC7342FE2E4B586E00A24ADE /* ProductDetailDTO.swift */ = {isa = PBXFileReference; lastKnownFileType = sourcecode.swift; path = ProductDetailDTO.swift; sourceTree = "<group>"; };
		BCFC37812E4A0385009A03D0 /* CaloLink.app */ = {isa = PBXFileReference; explicitFileType = wrapper.application; includeInIndex = 0; path = CaloLink.app; sourceTree = BUILT_PRODUCTS_DIR; };
		BCFC37972E4A0387009A03D0 /* CaloLinkTests.xctest */ = {isa = PBXFileReference; explicitFileType = wrapper.cfbundle; includeInIndex = 0; path = CaloLinkTests.xctest; sourceTree = BUILT_PRODUCTS_DIR; };
		BCFC37A12E4A0387009A03D0 /* CaloLinkUITests.xctest */ = {isa = PBXFileReference; explicitFileType = wrapper.cfbundle; includeInIndex = 0; path = CaloLinkUITests.xctest; sourceTree = BUILT_PRODUCTS_DIR; };
/* End PBXFileReference section */

/* Begin PBXFileSystemSynchronizedRootGroup section */
		BCFC379A2E4A0387009A03D0 /* CaloLinkTests */ = {
			isa = PBXFileSystemSynchronizedRootGroup;
			path = CaloLinkTests;
			sourceTree = "<group>";
		};
		BCFC37A42E4A0387009A03D0 /* CaloLinkUITests */ = {
			isa = PBXFileSystemSynchronizedRootGroup;
			path = CaloLinkUITests;
			sourceTree = "<group>";
		};
/* End PBXFileSystemSynchronizedRootGroup section */

/* Begin PBXFrameworksBuildPhase section */
		BCFC377E2E4A0385009A03D0 /* Frameworks */ = {
			isa = PBXFrameworksBuildPhase;
			buildActionMask = 2147483647;
			files = (
			);
			runOnlyForDeploymentPostprocessing = 0;
		};
		BCFC37942E4A0387009A03D0 /* Frameworks */ = {
			isa = PBXFrameworksBuildPhase;
			buildActionMask = 2147483647;
			files = (
			);
			runOnlyForDeploymentPostprocessing = 0;
		};
		BCFC379E2E4A0387009A03D0 /* Frameworks */ = {
			isa = PBXFrameworksBuildPhase;
			buildActionMask = 2147483647;
			files = (
			);
			runOnlyForDeploymentPostprocessing = 0;
		};
/* End PBXFrameworksBuildPhase section */

/* Begin PBXGroup section */
		BC7342CA2E4AF8DD00A24ADE /* Source */ = {
			isa = PBXGroup;
			children = (
				BC7342CC2E4AF90300A24ADE /* Application */,
				BC7342CD2E4AF92C00A24ADE /* Data */,
				BC7342CE2E4AF93200A24ADE /* Domain */,
				BC7342CF2E4AF93700A24ADE /* Presentation */,
			);
			path = Source;
			sourceTree = "<group>";
		};
		BC7342CB2E4AF8E600A24ADE /* Resource */ = {
			isa = PBXGroup;
			children = (
				BC7342BB2E4AE5EF00A24ADE /* Assets.xcassets */,
				BC7342BC2E4AE5EF00A24ADE /* Info.plist */,
			);
			path = Resource;
			sourceTree = "<group>";
		};
		BC7342CC2E4AF90300A24ADE /* Application */ = {
			isa = PBXGroup;
			children = (
				BC7342BA2E4AE5EF00A24ADE /* AppDelegate.swift */,
				BC7342BD2E4AE5EF00A24ADE /* SceneDelegate.swift */,
				BC7342BE2E4AE5EF00A24ADE /* ViewController.swift */,
			);
			path = Application;
			sourceTree = "<group>";
		};
		BC7342CD2E4AF92C00A24ADE /* Data */ = {
			isa = PBXGroup;
			children = (
				BC7342E02E4AF9D800A24ADE /* Network */,
				BC7342DF2E4AF9CF00A24ADE /* Repository */,
			);
			path = Data;
			sourceTree = "<group>";
		};
		BC7342CE2E4AF93200A24ADE /* Domain */ = {
			isa = PBXGroup;
			children = (
				BC7342DE2E4AF9BE00A24ADE /* Entity */,
				BC7342DD2E4AF9B700A24ADE /* RepositoryProtocol */,
				BC7342DC2E4AF9AE00A24ADE /* UseCase */,
			);
			path = Domain;
			sourceTree = "<group>";
		};
		BC7342CF2E4AF93700A24ADE /* Presentation */ = {
			isa = PBXGroup;
			children = (
				BC7342D32E4AF96E00A24ADE /* MainScene */,
				BC7342D22E4AF96800A24ADE /* SearchScene */,
				BC7342D12E4AF96100A24ADE /* ListScene */,
				BC7342D02E4AF95C00A24ADE /* DetailScene */,
			);
			path = Presentation;
			sourceTree = "<group>";
		};
		BC7342D02E4AF95C00A24ADE /* DetailScene */ = {
			isa = PBXGroup;
			children = (
				BC7342DB2E4AF9A100A24ADE /* View */,
				BC7342DA2E4AF99D00A24ADE /* ViewModel */,
			);
			path = DetailScene;
			sourceTree = "<group>";
		};
		BC7342D12E4AF96100A24ADE /* ListScene */ = {
			isa = PBXGroup;
			children = (
				BC7342D92E4AF99900A24ADE /* View */,
				BC7342D82E4AF99500A24ADE /* ViewModel */,
			);
			path = ListScene;
			sourceTree = "<group>";
		};
		BC7342D22E4AF96800A24ADE /* SearchScene */ = {
			isa = PBXGroup;
			children = (
				BC7342D72E4AF99200A24ADE /* View */,
				BC7342D62E4AF98E00A24ADE /* ViewModel */,
			);
			path = SearchScene;
			sourceTree = "<group>";
		};
		BC7342D32E4AF96E00A24ADE /* MainScene */ = {
			isa = PBXGroup;
			children = (
				BC7342D52E4AF98A00A24ADE /* View */,
				BC7342D42E4AF98600A24ADE /* ViewModel */,
			);
			path = MainScene;
			sourceTree = "<group>";
		};
		BC7342D42E4AF98600A24ADE /* ViewModel */ = {
			isa = PBXGroup;
			children = (
			);
			path = ViewModel;
			sourceTree = "<group>";
		};
		BC7342D52E4AF98A00A24ADE /* View */ = {
			isa = PBXGroup;
			children = (
			);
			path = View;
			sourceTree = "<group>";
		};
		BC7342D62E4AF98E00A24ADE /* ViewModel */ = {
			isa = PBXGroup;
			children = (
			);
			path = ViewModel;
			sourceTree = "<group>";
		};
		BC7342D72E4AF99200A24ADE /* View */ = {
			isa = PBXGroup;
			children = (
			);
			path = View;
			sourceTree = "<group>";
		};
		BC7342D82E4AF99500A24ADE /* ViewModel */ = {
			isa = PBXGroup;
			children = (
			);
			path = ViewModel;
			sourceTree = "<group>";
		};
		BC7342D92E4AF99900A24ADE /* View */ = {
			isa = PBXGroup;
			children = (
			);
			path = View;
			sourceTree = "<group>";
		};
		BC7342DA2E4AF99D00A24ADE /* ViewModel */ = {
			isa = PBXGroup;
			children = (
			);
			path = ViewModel;
			sourceTree = "<group>";
		};
		BC7342DB2E4AF9A100A24ADE /* View */ = {
			isa = PBXGroup;
			children = (
			);
			path = View;
			sourceTree = "<group>";
		};
		BC7342DC2E4AF9AE00A24ADE /* UseCase */ = {
			isa = PBXGroup;
			children = (
				BC7342ED2E4B4D4F00A24ADE /* GetProductDetailUseCase.swift */,
				BC7342EB2E4B4D3200A24ADE /* SearchProductsUseCase.swift */,
			);
			path = UseCase;
			sourceTree = "<group>";
		};
		BC7342DD2E4AF9B700A24ADE /* RepositoryProtocol */ = {
			isa = PBXGroup;
			children = (
				BC7342E92E4B478300A24ADE /* ProductRepositoryProtocol.swift */,
			);
			path = RepositoryProtocol;
			sourceTree = "<group>";
		};
		BC7342DE2E4AF9BE00A24ADE /* Entity */ = {
			isa = PBXGroup;
			children = (
				BC7342E12E4B3E9F00A24ADE /* Product.swift */,
				BC7342E72E4B428600A24ADE /* ShopLink.swift */,
				BC7342E52E4B427C00A24ADE /* NutritionInfo.swift */,
				BC7342E32E4B427200A24ADE /* ProductDetail.swift */,
			);
			path = Entity;
			sourceTree = "<group>";
		};
		BC7342DF2E4AF9CF00A24ADE /* Repository */ = {
			isa = PBXGroup;
			children = (
			);
			path = Repository;
			sourceTree = "<group>";
		};
		BC7342E02E4AF9D800A24ADE /* Network */ = {
			isa = PBXGroup;
			children = (
				BC7342FB2E4B56B600A24ADE /* DTOs */,
			);
			path = Network;
			sourceTree = "<group>";
		};
		BC7342FB2E4B56B600A24ADE /* DTOs */ = {
			isa = PBXGroup;
			children = (
				BC7342FE2E4B586E00A24ADE /* ProductDetailDTO.swift */,
				BC7342FC2E4B56BF00A24ADE /* ProductListReesponseDTO.swift */,
			);
			path = DTOs;
			sourceTree = "<group>";
		};
		BCFC37782E4A0385009A03D0 = {
			isa = PBXGroup;
			children = (
				BC7342CB2E4AF8E600A24ADE /* Resource */,
				BC7342CA2E4AF8DD00A24ADE /* Source */,
				BCFC379A2E4A0387009A03D0 /* CaloLinkTests */,
				BCFC37A42E4A0387009A03D0 /* CaloLinkUITests */,
				BCFC37822E4A0385009A03D0 /* Products */,
			);
			sourceTree = "<group>";
		};
		BCFC37822E4A0385009A03D0 /* Products */ = {
			isa = PBXGroup;
			children = (
				BCFC37812E4A0385009A03D0 /* CaloLink.app */,
				BCFC37972E4A0387009A03D0 /* CaloLinkTests.xctest */,
				BCFC37A12E4A0387009A03D0 /* CaloLinkUITests.xctest */,
			);
			name = Products;
			sourceTree = "<group>";
		};
/* End PBXGroup section */

/* Begin PBXNativeTarget section */
		BCFC37802E4A0385009A03D0 /* CaloLink */ = {
			isa = PBXNativeTarget;
			buildConfigurationList = BCFC37AA2E4A0387009A03D0 /* Build configuration list for PBXNativeTarget "CaloLink" */;
			buildPhases = (
				BCFC377D2E4A0385009A03D0 /* Sources */,
				BCFC377E2E4A0385009A03D0 /* Frameworks */,
				BCFC377F2E4A0385009A03D0 /* Resources */,
			);
			buildRules = (
			);
			dependencies = (
			);
			name = CaloLink;
			packageProductDependencies = (
			);
			productName = CaloLink;
			productReference = BCFC37812E4A0385009A03D0 /* CaloLink.app */;
			productType = "com.apple.product-type.application";
		};
		BCFC37962E4A0387009A03D0 /* CaloLinkTests */ = {
			isa = PBXNativeTarget;
			buildConfigurationList = BCFC37AF2E4A0387009A03D0 /* Build configuration list for PBXNativeTarget "CaloLinkTests" */;
			buildPhases = (
				BCFC37932E4A0387009A03D0 /* Sources */,
				BCFC37942E4A0387009A03D0 /* Frameworks */,
				BCFC37952E4A0387009A03D0 /* Resources */,
			);
			buildRules = (
			);
			dependencies = (
				BCFC37992E4A0387009A03D0 /* PBXTargetDependency */,
			);
			fileSystemSynchronizedGroups = (
				BCFC379A2E4A0387009A03D0 /* CaloLinkTests */,
			);
			name = CaloLinkTests;
			packageProductDependencies = (
			);
			productName = CaloLinkTests;
			productReference = BCFC37972E4A0387009A03D0 /* CaloLinkTests.xctest */;
			productType = "com.apple.product-type.bundle.unit-test";
		};
		BCFC37A02E4A0387009A03D0 /* CaloLinkUITests */ = {
			isa = PBXNativeTarget;
			buildConfigurationList = BCFC37B22E4A0387009A03D0 /* Build configuration list for PBXNativeTarget "CaloLinkUITests" */;
			buildPhases = (
				BCFC379D2E4A0387009A03D0 /* Sources */,
				BCFC379E2E4A0387009A03D0 /* Frameworks */,
				BCFC379F2E4A0387009A03D0 /* Resources */,
			);
			buildRules = (
			);
			dependencies = (
				BCFC37A32E4A0387009A03D0 /* PBXTargetDependency */,
			);
			fileSystemSynchronizedGroups = (
				BCFC37A42E4A0387009A03D0 /* CaloLinkUITests */,
			);
			name = CaloLinkUITests;
			packageProductDependencies = (
			);
			productName = CaloLinkUITests;
			productReference = BCFC37A12E4A0387009A03D0 /* CaloLinkUITests.xctest */;
			productType = "com.apple.product-type.bundle.ui-testing";
		};
/* End PBXNativeTarget section */

/* Begin PBXProject section */
		BCFC37792E4A0385009A03D0 /* Project object */ = {
			isa = PBXProject;
			attributes = {
				BuildIndependentTargetsInParallel = 1;
				LastSwiftUpdateCheck = 1640;
				LastUpgradeCheck = 1640;
				TargetAttributes = {
					BCFC37802E4A0385009A03D0 = {
						CreatedOnToolsVersion = 16.4;
					};
					BCFC37962E4A0387009A03D0 = {
						CreatedOnToolsVersion = 16.4;
						TestTargetID = BCFC37802E4A0385009A03D0;
					};
					BCFC37A02E4A0387009A03D0 = {
						CreatedOnToolsVersion = 16.4;
						TestTargetID = BCFC37802E4A0385009A03D0;
					};
				};
			};
			buildConfigurationList = BCFC377C2E4A0385009A03D0 /* Build configuration list for PBXProject "CaloLink" */;
			developmentRegion = en;
			hasScannedForEncodings = 0;
			knownRegions = (
				en,
				Base,
			);
			mainGroup = BCFC37782E4A0385009A03D0;
			minimizedProjectReferenceProxies = 1;
			preferredProjectObjectVersion = 77;
			productRefGroup = BCFC37822E4A0385009A03D0 /* Products */;
			projectDirPath = "";
			projectRoot = "";
			targets = (
				BCFC37802E4A0385009A03D0 /* CaloLink */,
				BCFC37962E4A0387009A03D0 /* CaloLinkTests */,
				BCFC37A02E4A0387009A03D0 /* CaloLinkUITests */,
			);
		};
/* End PBXProject section */

/* Begin PBXResourcesBuildPhase section */
		BCFC377F2E4A0385009A03D0 /* Resources */ = {
			isa = PBXResourcesBuildPhase;
			buildActionMask = 2147483647;
			files = (
				BC7342C32E4AE5EF00A24ADE /* Assets.xcassets in Resources */,
			);
			runOnlyForDeploymentPostprocessing = 0;
		};
		BCFC37952E4A0387009A03D0 /* Resources */ = {
			isa = PBXResourcesBuildPhase;
			buildActionMask = 2147483647;
			files = (
			);
			runOnlyForDeploymentPostprocessing = 0;
		};
		BCFC379F2E4A0387009A03D0 /* Resources */ = {
			isa = PBXResourcesBuildPhase;
			buildActionMask = 2147483647;
			files = (
			);
			runOnlyForDeploymentPostprocessing = 0;
		};
/* End PBXResourcesBuildPhase section */

/* Begin PBXSourcesBuildPhase section */
		BCFC377D2E4A0385009A03D0 /* Sources */ = {
			isa = PBXSourcesBuildPhase;
			buildActionMask = 2147483647;
			files = (
				BC7342E62E4B428000A24ADE /* NutritionInfo.swift in Sources */,
				BC7342EE2E4B4D5600A24ADE /* GetProductDetailUseCase.swift in Sources */,
				BC7342E82E4B428800A24ADE /* ShopLink.swift in Sources */,
				BC7342BF2E4AE5EF00A24ADE /* SceneDelegate.swift in Sources */,
				BC7342E42E4B427900A24ADE /* ProductDetail.swift in Sources */,
				BC7342E22E4B3EA300A24ADE /* Product.swift in Sources */,
				BC7342FD2E4B56C800A24ADE /* ProductListReesponseDTO.swift in Sources */,
				BC7342EC2E4B4D4600A24ADE /* SearchProductsUseCase.swift in Sources */,
				BC7342FF2E4B587400A24ADE /* ProductDetailDTO.swift in Sources */,
				BC7342EA2E4B479300A24ADE /* ProductRepositoryProtocol.swift in Sources */,
				BC7342C02E4AE5EF00A24ADE /* ViewController.swift in Sources */,
				BC7342C12E4AE5EF00A24ADE /* AppDelegate.swift in Sources */,
			);
			runOnlyForDeploymentPostprocessing = 0;
		};
		BCFC37932E4A0387009A03D0 /* Sources */ = {
			isa = PBXSourcesBuildPhase;
			buildActionMask = 2147483647;
			files = (
			);
			runOnlyForDeploymentPostprocessing = 0;
		};
		BCFC379D2E4A0387009A03D0 /* Sources */ = {
			isa = PBXSourcesBuildPhase;
			buildActionMask = 2147483647;
			files = (
			);
			runOnlyForDeploymentPostprocessing = 0;
		};
/* End PBXSourcesBuildPhase section */

/* Begin PBXTargetDependency section */
		BCFC37992E4A0387009A03D0 /* PBXTargetDependency */ = {
			isa = PBXTargetDependency;
			target = BCFC37802E4A0385009A03D0 /* CaloLink */;
			targetProxy = BCFC37982E4A0387009A03D0 /* PBXContainerItemProxy */;
		};
		BCFC37A32E4A0387009A03D0 /* PBXTargetDependency */ = {
			isa = PBXTargetDependency;
			target = BCFC37802E4A0385009A03D0 /* CaloLink */;
			targetProxy = BCFC37A22E4A0387009A03D0 /* PBXContainerItemProxy */;
		};
/* End PBXTargetDependency section */

/* Begin XCBuildConfiguration section */
		BCFC37AB2E4A0387009A03D0 /* Debug */ = {
			isa = XCBuildConfiguration;
			buildSettings = {
				ASSETCATALOG_COMPILER_APPICON_NAME = AppIcon;
				ASSETCATALOG_COMPILER_GLOBAL_ACCENT_COLOR_NAME = AccentColor;
				CODE_SIGN_STYLE = Automatic;
				CURRENT_PROJECT_VERSION = 1;
				DEVELOPMENT_TEAM = 4UKSP7K2F4;
				GENERATE_INFOPLIST_FILE = YES;
				INFOPLIST_FILE = Resource/Info.plist;
				INFOPLIST_KEY_UIApplicationSupportsIndirectInputEvents = YES;
				INFOPLIST_KEY_UILaunchStoryboardName = LaunchScreen;
				INFOPLIST_KEY_UISupportedInterfaceOrientations_iPad = "UIInterfaceOrientationPortrait UIInterfaceOrientationPortraitUpsideDown UIInterfaceOrientationLandscapeLeft UIInterfaceOrientationLandscapeRight";
				INFOPLIST_KEY_UISupportedInterfaceOrientations_iPhone = "UIInterfaceOrientationPortrait UIInterfaceOrientationLandscapeLeft UIInterfaceOrientationLandscapeRight";
				IPHONEOS_DEPLOYMENT_TARGET = 17.6;
				LD_RUNPATH_SEARCH_PATHS = (
					"$(inherited)",
					"@executable_path/Frameworks",
				);
				MARKETING_VERSION = 1.0;
				PRODUCT_BUNDLE_IDENTIFIER = snughnu.CaloLink;
				PRODUCT_NAME = "$(TARGET_NAME)";
				SWIFT_EMIT_LOC_STRINGS = YES;
				SWIFT_VERSION = 5.0;
				TARGETED_DEVICE_FAMILY = "1,2";
			};
			name = Debug;
		};
		BCFC37AC2E4A0387009A03D0 /* Release */ = {
			isa = XCBuildConfiguration;
			buildSettings = {
				ASSETCATALOG_COMPILER_APPICON_NAME = AppIcon;
				ASSETCATALOG_COMPILER_GLOBAL_ACCENT_COLOR_NAME = AccentColor;
				CODE_SIGN_STYLE = Automatic;
				CURRENT_PROJECT_VERSION = 1;
				DEVELOPMENT_TEAM = 4UKSP7K2F4;
				GENERATE_INFOPLIST_FILE = YES;
				INFOPLIST_FILE = Resource/Info.plist;
				INFOPLIST_KEY_UIApplicationSupportsIndirectInputEvents = YES;
				INFOPLIST_KEY_UILaunchStoryboardName = LaunchScreen;
				INFOPLIST_KEY_UISupportedInterfaceOrientations_iPad = "UIInterfaceOrientationPortrait UIInterfaceOrientationPortraitUpsideDown UIInterfaceOrientationLandscapeLeft UIInterfaceOrientationLandscapeRight";
				INFOPLIST_KEY_UISupportedInterfaceOrientations_iPhone = "UIInterfaceOrientationPortrait UIInterfaceOrientationLandscapeLeft UIInterfaceOrientationLandscapeRight";
				IPHONEOS_DEPLOYMENT_TARGET = 17.6;
				LD_RUNPATH_SEARCH_PATHS = (
					"$(inherited)",
					"@executable_path/Frameworks",
				);
				MARKETING_VERSION = 1.0;
				PRODUCT_BUNDLE_IDENTIFIER = snughnu.CaloLink;
				PRODUCT_NAME = "$(TARGET_NAME)";
				SWIFT_EMIT_LOC_STRINGS = YES;
				SWIFT_VERSION = 5.0;
				TARGETED_DEVICE_FAMILY = "1,2";
			};
			name = Release;
		};
		BCFC37AD2E4A0387009A03D0 /* Debug */ = {
			isa = XCBuildConfiguration;
			buildSettings = {
				ALWAYS_SEARCH_USER_PATHS = NO;
				ASSETCATALOG_COMPILER_GENERATE_SWIFT_ASSET_SYMBOL_EXTENSIONS = YES;
				CLANG_ANALYZER_NONNULL = YES;
				CLANG_ANALYZER_NUMBER_OBJECT_CONVERSION = YES_AGGRESSIVE;
				CLANG_CXX_LANGUAGE_STANDARD = "gnu++20";
				CLANG_ENABLE_MODULES = YES;
				CLANG_ENABLE_OBJC_ARC = YES;
				CLANG_ENABLE_OBJC_WEAK = YES;
				CLANG_WARN_BLOCK_CAPTURE_AUTORELEASING = YES;
				CLANG_WARN_BOOL_CONVERSION = YES;
				CLANG_WARN_COMMA = YES;
				CLANG_WARN_CONSTANT_CONVERSION = YES;
				CLANG_WARN_DEPRECATED_OBJC_IMPLEMENTATIONS = YES;
				CLANG_WARN_DIRECT_OBJC_ISA_USAGE = YES_ERROR;
				CLANG_WARN_DOCUMENTATION_COMMENTS = YES;
				CLANG_WARN_EMPTY_BODY = YES;
				CLANG_WARN_ENUM_CONVERSION = YES;
				CLANG_WARN_INFINITE_RECURSION = YES;
				CLANG_WARN_INT_CONVERSION = YES;
				CLANG_WARN_NON_LITERAL_NULL_CONVERSION = YES;
				CLANG_WARN_OBJC_IMPLICIT_RETAIN_SELF = YES;
				CLANG_WARN_OBJC_LITERAL_CONVERSION = YES;
				CLANG_WARN_OBJC_ROOT_CLASS = YES_ERROR;
				CLANG_WARN_QUOTED_INCLUDE_IN_FRAMEWORK_HEADER = YES;
				CLANG_WARN_RANGE_LOOP_ANALYSIS = YES;
				CLANG_WARN_STRICT_PROTOTYPES = YES;
				CLANG_WARN_SUSPICIOUS_MOVE = YES;
				CLANG_WARN_UNGUARDED_AVAILABILITY = YES_AGGRESSIVE;
				CLANG_WARN_UNREACHABLE_CODE = YES;
				CLANG_WARN__DUPLICATE_METHOD_MATCH = YES;
				COPY_PHASE_STRIP = NO;
				DEBUG_INFORMATION_FORMAT = dwarf;
				DEVELOPMENT_TEAM = 4UKSP7K2F4;
				ENABLE_STRICT_OBJC_MSGSEND = YES;
				ENABLE_TESTABILITY = YES;
				ENABLE_USER_SCRIPT_SANDBOXING = YES;
				GCC_C_LANGUAGE_STANDARD = gnu17;
				GCC_DYNAMIC_NO_PIC = NO;
				GCC_NO_COMMON_BLOCKS = YES;
				GCC_OPTIMIZATION_LEVEL = 0;
				GCC_PREPROCESSOR_DEFINITIONS = (
					"DEBUG=1",
					"$(inherited)",
				);
				GCC_WARN_64_TO_32_BIT_CONVERSION = YES;
				GCC_WARN_ABOUT_RETURN_TYPE = YES_ERROR;
				GCC_WARN_UNDECLARED_SELECTOR = YES;
				GCC_WARN_UNINITIALIZED_AUTOS = YES_AGGRESSIVE;
				GCC_WARN_UNUSED_FUNCTION = YES;
				GCC_WARN_UNUSED_VARIABLE = YES;
				IPHONEOS_DEPLOYMENT_TARGET = 18.5;
				LOCALIZATION_PREFERS_STRING_CATALOGS = YES;
				MTL_ENABLE_DEBUG_INFO = INCLUDE_SOURCE;
				MTL_FAST_MATH = YES;
				ONLY_ACTIVE_ARCH = YES;
				SDKROOT = iphoneos;
				SWIFT_ACTIVE_COMPILATION_CONDITIONS = "DEBUG $(inherited)";
				SWIFT_OPTIMIZATION_LEVEL = "-Onone";
			};
			name = Debug;
		};
		BCFC37AE2E4A0387009A03D0 /* Release */ = {
			isa = XCBuildConfiguration;
			buildSettings = {
				ALWAYS_SEARCH_USER_PATHS = NO;
				ASSETCATALOG_COMPILER_GENERATE_SWIFT_ASSET_SYMBOL_EXTENSIONS = YES;
				CLANG_ANALYZER_NONNULL = YES;
				CLANG_ANALYZER_NUMBER_OBJECT_CONVERSION = YES_AGGRESSIVE;
				CLANG_CXX_LANGUAGE_STANDARD = "gnu++20";
				CLANG_ENABLE_MODULES = YES;
				CLANG_ENABLE_OBJC_ARC = YES;
				CLANG_ENABLE_OBJC_WEAK = YES;
				CLANG_WARN_BLOCK_CAPTURE_AUTORELEASING = YES;
				CLANG_WARN_BOOL_CONVERSION = YES;
				CLANG_WARN_COMMA = YES;
				CLANG_WARN_CONSTANT_CONVERSION = YES;
				CLANG_WARN_DEPRECATED_OBJC_IMPLEMENTATIONS = YES;
				CLANG_WARN_DIRECT_OBJC_ISA_USAGE = YES_ERROR;
				CLANG_WARN_DOCUMENTATION_COMMENTS = YES;
				CLANG_WARN_EMPTY_BODY = YES;
				CLANG_WARN_ENUM_CONVERSION = YES;
				CLANG_WARN_INFINITE_RECURSION = YES;
				CLANG_WARN_INT_CONVERSION = YES;
				CLANG_WARN_NON_LITERAL_NULL_CONVERSION = YES;
				CLANG_WARN_OBJC_IMPLICIT_RETAIN_SELF = YES;
				CLANG_WARN_OBJC_LITERAL_CONVERSION = YES;
				CLANG_WARN_OBJC_ROOT_CLASS = YES_ERROR;
				CLANG_WARN_QUOTED_INCLUDE_IN_FRAMEWORK_HEADER = YES;
				CLANG_WARN_RANGE_LOOP_ANALYSIS = YES;
				CLANG_WARN_STRICT_PROTOTYPES = YES;
				CLANG_WARN_SUSPICIOUS_MOVE = YES;
				CLANG_WARN_UNGUARDED_AVAILABILITY = YES_AGGRESSIVE;
				CLANG_WARN_UNREACHABLE_CODE = YES;
				CLANG_WARN__DUPLICATE_METHOD_MATCH = YES;
				COPY_PHASE_STRIP = NO;
				DEBUG_INFORMATION_FORMAT = "dwarf-with-dsym";
				DEVELOPMENT_TEAM = 4UKSP7K2F4;
				ENABLE_NS_ASSERTIONS = NO;
				ENABLE_STRICT_OBJC_MSGSEND = YES;
				ENABLE_USER_SCRIPT_SANDBOXING = YES;
				GCC_C_LANGUAGE_STANDARD = gnu17;
				GCC_NO_COMMON_BLOCKS = YES;
				GCC_WARN_64_TO_32_BIT_CONVERSION = YES;
				GCC_WARN_ABOUT_RETURN_TYPE = YES_ERROR;
				GCC_WARN_UNDECLARED_SELECTOR = YES;
				GCC_WARN_UNINITIALIZED_AUTOS = YES_AGGRESSIVE;
				GCC_WARN_UNUSED_FUNCTION = YES;
				GCC_WARN_UNUSED_VARIABLE = YES;
				IPHONEOS_DEPLOYMENT_TARGET = 18.5;
				LOCALIZATION_PREFERS_STRING_CATALOGS = YES;
				MTL_ENABLE_DEBUG_INFO = NO;
				MTL_FAST_MATH = YES;
				SDKROOT = iphoneos;
				SWIFT_COMPILATION_MODE = wholemodule;
				VALIDATE_PRODUCT = YES;
			};
			name = Release;
		};
		BCFC37B02E4A0387009A03D0 /* Debug */ = {
			isa = XCBuildConfiguration;
			buildSettings = {
				BUNDLE_LOADER = "$(TEST_HOST)";
				CODE_SIGN_STYLE = Automatic;
				CURRENT_PROJECT_VERSION = 1;
				DEVELOPMENT_TEAM = 4UKSP7K2F4;
				GENERATE_INFOPLIST_FILE = YES;
				IPHONEOS_DEPLOYMENT_TARGET = 17.6;
				MARKETING_VERSION = 1.0;
				PRODUCT_BUNDLE_IDENTIFIER = snughnu.CaloLinkTests;
				PRODUCT_NAME = "$(TARGET_NAME)";
				SWIFT_EMIT_LOC_STRINGS = NO;
				SWIFT_VERSION = 5.0;
				TARGETED_DEVICE_FAMILY = "1,2";
				TEST_HOST = "$(BUILT_PRODUCTS_DIR)/CaloLink.app/$(BUNDLE_EXECUTABLE_FOLDER_PATH)/CaloLink";
			};
			name = Debug;
		};
		BCFC37B12E4A0387009A03D0 /* Release */ = {
			isa = XCBuildConfiguration;
			buildSettings = {
				BUNDLE_LOADER = "$(TEST_HOST)";
				CODE_SIGN_STYLE = Automatic;
				CURRENT_PROJECT_VERSION = 1;
				DEVELOPMENT_TEAM = 4UKSP7K2F4;
				GENERATE_INFOPLIST_FILE = YES;
				IPHONEOS_DEPLOYMENT_TARGET = 17.6;
				MARKETING_VERSION = 1.0;
				PRODUCT_BUNDLE_IDENTIFIER = snughnu.CaloLinkTests;
				PRODUCT_NAME = "$(TARGET_NAME)";
				SWIFT_EMIT_LOC_STRINGS = NO;
				SWIFT_VERSION = 5.0;
				TARGETED_DEVICE_FAMILY = "1,2";
				TEST_HOST = "$(BUILT_PRODUCTS_DIR)/CaloLink.app/$(BUNDLE_EXECUTABLE_FOLDER_PATH)/CaloLink";
			};
			name = Release;
		};
		BCFC37B32E4A0387009A03D0 /* Debug */ = {
			isa = XCBuildConfiguration;
			buildSettings = {
				CODE_SIGN_STYLE = Automatic;
				CURRENT_PROJECT_VERSION = 1;
				DEVELOPMENT_TEAM = 4UKSP7K2F4;
				GENERATE_INFOPLIST_FILE = YES;
				IPHONEOS_DEPLOYMENT_TARGET = 17.6;
				MARKETING_VERSION = 1.0;
				PRODUCT_BUNDLE_IDENTIFIER = snughnu.CaloLinkUITests;
				PRODUCT_NAME = "$(TARGET_NAME)";
				SWIFT_EMIT_LOC_STRINGS = NO;
				SWIFT_VERSION = 5.0;
				TARGETED_DEVICE_FAMILY = "1,2";
				TEST_TARGET_NAME = CaloLink;
			};
			name = Debug;
		};
		BCFC37B42E4A0387009A03D0 /* Release */ = {
			isa = XCBuildConfiguration;
			buildSettings = {
				CODE_SIGN_STYLE = Automatic;
				CURRENT_PROJECT_VERSION = 1;
				DEVELOPMENT_TEAM = 4UKSP7K2F4;
				GENERATE_INFOPLIST_FILE = YES;
				IPHONEOS_DEPLOYMENT_TARGET = 17.6;
				MARKETING_VERSION = 1.0;
				PRODUCT_BUNDLE_IDENTIFIER = snughnu.CaloLinkUITests;
				PRODUCT_NAME = "$(TARGET_NAME)";
				SWIFT_EMIT_LOC_STRINGS = NO;
				SWIFT_VERSION = 5.0;
				TARGETED_DEVICE_FAMILY = "1,2";
				TEST_TARGET_NAME = CaloLink;
			};
			name = Release;
		};
/* End XCBuildConfiguration section */

/* Begin XCConfigurationList section */
		BCFC377C2E4A0385009A03D0 /* Build configuration list for PBXProject "CaloLink" */ = {
			isa = XCConfigurationList;
			buildConfigurations = (
				BCFC37AD2E4A0387009A03D0 /* Debug */,
				BCFC37AE2E4A0387009A03D0 /* Release */,
			);
			defaultConfigurationIsVisible = 0;
			defaultConfigurationName = Release;
		};
		BCFC37AA2E4A0387009A03D0 /* Build configuration list for PBXNativeTarget "CaloLink" */ = {
			isa = XCConfigurationList;
			buildConfigurations = (
				BCFC37AB2E4A0387009A03D0 /* Debug */,
				BCFC37AC2E4A0387009A03D0 /* Release */,
			);
			defaultConfigurationIsVisible = 0;
			defaultConfigurationName = Release;
		};
		BCFC37AF2E4A0387009A03D0 /* Build configuration list for PBXNativeTarget "CaloLinkTests" */ = {
			isa = XCConfigurationList;
			buildConfigurations = (
				BCFC37B02E4A0387009A03D0 /* Debug */,
				BCFC37B12E4A0387009A03D0 /* Release */,
			);
			defaultConfigurationIsVisible = 0;
			defaultConfigurationName = Release;
		};
		BCFC37B22E4A0387009A03D0 /* Build configuration list for PBXNativeTarget "CaloLinkUITests" */ = {
			isa = XCConfigurationList;
			buildConfigurations = (
				BCFC37B32E4A0387009A03D0 /* Debug */,
				BCFC37B42E4A0387009A03D0 /* Release */,
			);
			defaultConfigurationIsVisible = 0;
			defaultConfigurationName = Release;
		};
/* End XCConfigurationList section */
	};
	rootObject = BCFC37792E4A0385009A03D0 /* Project object */;
}
