// !$*UTF8*$!
{
	archiveVersion = 1;
	classes = {
	};
	objectVersion = 77;
	objects = {

/* Begin PBXBuildFile section */
		BC88D0492DA2AE0D0033D52F /* .swiftlint.yml in Resources */ = {isa = PBXBuildFile; fileRef = BC88D0482DA2AE0D0033D52F /* .swiftlint.yml */; };
		BCAEF94D2DAA443300BB355E /* AppDelegate.swift in Sources */ = {isa = PBXBuildFile; fileRef = BCAEF9462DAA443300BB355E /* AppDelegate.swift */; };
		BCAEF94E2DAA443300BB355E /* SceneDelegate.swift in Sources */ = {isa = PBXBuildFile; fileRef = BCAEF94A2DAA443300BB355E /* SceneDelegate.swift */; };
		BCAEF94F2DAA443300BB355E /* ViewController.swift in Sources */ = {isa = PBXBuildFile; fileRef = BCAEF94B2DAA443300BB355E /* ViewController.swift */; };
		BCAEF9502DAA443300BB355E /* Assets.xcassets in Resources */ = {isa = PBXBuildFile; fileRef = BCAEF9472DAA443300BB355E /* Assets.xcassets */; };
		BCAEF9522DAA443300BB355E /* LaunchScreen.storyboard in Resources */ = {isa = PBXBuildFile; fileRef = BCAEF9492DAA443300BB355E /* LaunchScreen.storyboard */; };
		BCAEF95D2DAA468F00BB355E /* APIConstant.swift in Sources */ = {isa = PBXBuildFile; fileRef = BCAEF95C2DAA468F00BB355E /* APIConstant.swift */; };
		BCAEF95F2DAA475100BB355E /* NetworkError.swift in Sources */ = {isa = PBXBuildFile; fileRef = BCAEF95E2DAA475100BB355E /* NetworkError.swift */; };
		BCAEF9612DAA479B00BB355E /* HttpMethod.swift in Sources */ = {isa = PBXBuildFile; fileRef = BCAEF9602DAA479B00BB355E /* HttpMethod.swift */; };
		BCAEF9662DAA4A6600BB355E /* NetworkManager.swift in Sources */ = {isa = PBXBuildFile; fileRef = BCAEF9652DAA4A6600BB355E /* NetworkManager.swift */; };
		BCAEF9682DAA4A7900BB355E /* Requestable.swift in Sources */ = {isa = PBXBuildFile; fileRef = BCAEF9672DAA4A7900BB355E /* Requestable.swift */; };
		BCAEF96A2DAA4A8400BB355E /* Endpoint.swift in Sources */ = {isa = PBXBuildFile; fileRef = BCAEF9692DAA4A8400BB355E /* Endpoint.swift */; };
		BCAEF96C2DAA4A8F00BB355E /* JSONBodyEndPoint.swift in Sources */ = {isa = PBXBuildFile; fileRef = BCAEF96B2DAA4A8F00BB355E /* JSONBodyEndPoint.swift */; };
		BCAEF96F2DAA51AA00BB355E /* ServerError.swift in Sources */ = {isa = PBXBuildFile; fileRef = BCAEF96E2DAA51AA00BB355E /* ServerError.swift */; };
		BCAEF9712DAA5BC800BB355E /* Cancellable.swift in Sources */ = {isa = PBXBuildFile; fileRef = BCAEF9702DAA5BC800BB355E /* Cancellable.swift */; };
		BCAEF9732DAA5D0E00BB355E /* NetworkManagerProtocol.swift in Sources */ = {isa = PBXBuildFile; fileRef = BCAEF9722DAA5D0E00BB355E /* NetworkManagerProtocol.swift */; };
/* End PBXBuildFile section */

/* Begin PBXFileReference section */
		BC88D01F2DA27DB10033D52F /* CaloLink.app */ = {isa = PBXFileReference; explicitFileType = wrapper.application; includeInIndex = 0; path = CaloLink.app; sourceTree = BUILT_PRODUCTS_DIR; };
		BC88D0482DA2AE0D0033D52F /* .swiftlint.yml */ = {isa = PBXFileReference; lastKnownFileType = text.yaml; path = .swiftlint.yml; sourceTree = "<group>"; };
		BCAEF9462DAA443300BB355E /* AppDelegate.swift */ = {isa = PBXFileReference; lastKnownFileType = sourcecode.swift; path = AppDelegate.swift; sourceTree = "<group>"; };
		BCAEF9472DAA443300BB355E /* Assets.xcassets */ = {isa = PBXFileReference; lastKnownFileType = folder.assetcatalog; path = Assets.xcassets; sourceTree = "<group>"; };
		BCAEF9482DAA443300BB355E /* Info.plist */ = {isa = PBXFileReference; lastKnownFileType = text.plist.xml; path = Info.plist; sourceTree = "<group>"; };
		BCAEF94A2DAA443300BB355E /* SceneDelegate.swift */ = {isa = PBXFileReference; lastKnownFileType = sourcecode.swift; path = SceneDelegate.swift; sourceTree = "<group>"; };
		BCAEF94B2DAA443300BB355E /* ViewController.swift */ = {isa = PBXFileReference; lastKnownFileType = sourcecode.swift; path = ViewController.swift; sourceTree = "<group>"; };
		BCAEF94C2DAA443300BB355E /* Base */ = {isa = PBXFileReference; lastKnownFileType = file.storyboard; name = Base; path = Base.lproj/LaunchScreen.storyboard; sourceTree = "<group>"; };
		BCAEF95C2DAA468F00BB355E /* APIConstant.swift */ = {isa = PBXFileReference; lastKnownFileType = sourcecode.swift; path = APIConstant.swift; sourceTree = "<group>"; };
		BCAEF95E2DAA475100BB355E /* NetworkError.swift */ = {isa = PBXFileReference; lastKnownFileType = sourcecode.swift; path = NetworkError.swift; sourceTree = "<group>"; };
		BCAEF9602DAA479B00BB355E /* HttpMethod.swift */ = {isa = PBXFileReference; lastKnownFileType = sourcecode.swift; path = HttpMethod.swift; sourceTree = "<group>"; };
		BCAEF9652DAA4A6600BB355E /* NetworkManager.swift */ = {isa = PBXFileReference; lastKnownFileType = sourcecode.swift; path = NetworkManager.swift; sourceTree = "<group>"; };
		BCAEF9672DAA4A7900BB355E /* Requestable.swift */ = {isa = PBXFileReference; lastKnownFileType = sourcecode.swift; path = Requestable.swift; sourceTree = "<group>"; };
		BCAEF9692DAA4A8400BB355E /* Endpoint.swift */ = {isa = PBXFileReference; lastKnownFileType = sourcecode.swift; path = Endpoint.swift; sourceTree = "<group>"; };
		BCAEF96B2DAA4A8F00BB355E /* JSONBodyEndPoint.swift */ = {isa = PBXFileReference; lastKnownFileType = sourcecode.swift; path = JSONBodyEndPoint.swift; sourceTree = "<group>"; };
		BCAEF96E2DAA51AA00BB355E /* ServerError.swift */ = {isa = PBXFileReference; lastKnownFileType = sourcecode.swift; path = ServerError.swift; sourceTree = "<group>"; };
		BCAEF9702DAA5BC800BB355E /* Cancellable.swift */ = {isa = PBXFileReference; lastKnownFileType = sourcecode.swift; path = Cancellable.swift; sourceTree = "<group>"; };
		BCAEF9722DAA5D0E00BB355E /* NetworkManagerProtocol.swift */ = {isa = PBXFileReference; lastKnownFileType = sourcecode.swift; path = NetworkManagerProtocol.swift; sourceTree = "<group>"; };
/* End PBXFileReference section */

/* Begin PBXFileSystemSynchronizedRootGroup section */
		BC88D0212DA27DB10033D52F /* CaloLink */ = {
			isa = PBXFileSystemSynchronizedRootGroup;
			path = CaloLink;
			sourceTree = "<group>";
		};
/* End PBXFileSystemSynchronizedRootGroup section */

/* Begin PBXFrameworksBuildPhase section */
		BC88D01C2DA27DB10033D52F /* Frameworks */ = {
			isa = PBXFrameworksBuildPhase;
			buildActionMask = 2147483647;
			files = (
			);
			runOnlyForDeploymentPostprocessing = 0;
		};
/* End PBXFrameworksBuildPhase section */

/* Begin PBXGroup section */
		BC88D0162DA27DB10033D52F = {
			isa = PBXGroup;
			children = (
				BC88D0482DA2AE0D0033D52F /* .swiftlint.yml */,
				BC88D0212DA27DB10033D52F /* CaloLink */,
				BCAEF9532DAA446D00BB355E /* Source */,
				BCAEF9542DAA448C00BB355E /* Resource */,
				BC88D0202DA27DB10033D52F /* Products */,
			);
			sourceTree = "<group>";
		};
		BC88D0202DA27DB10033D52F /* Products */ = {
			isa = PBXGroup;
			children = (
				BC88D01F2DA27DB10033D52F /* CaloLink.app */,
			);
			name = Products;
			sourceTree = "<group>";
		};
		BCAEF9532DAA446D00BB355E /* Source */ = {
			isa = PBXGroup;
			children = (
				BCAEF9552DAA44B500BB355E /* Application */,
				BCAEF9572DAA44E100BB355E /* Data */,
				BCAEF9582DAA44EA00BB355E /* Domain */,
				BCAEF9592DAA44FB00BB355E /* Presentation */,
			);
			path = Source;
			sourceTree = "<group>";
		};
		BCAEF9542DAA448C00BB355E /* Resource */ = {
			isa = PBXGroup;
			children = (
				BCAEF9472DAA443300BB355E /* Assets.xcassets */,
				BCAEF9482DAA443300BB355E /* Info.plist */,
				BCAEF9492DAA443300BB355E /* LaunchScreen.storyboard */,
			);
			path = Resource;
			sourceTree = "<group>";
		};
		BCAEF9552DAA44B500BB355E /* Application */ = {
			isa = PBXGroup;
			children = (
				BCAEF9462DAA443300BB355E /* AppDelegate.swift */,
				BCAEF94A2DAA443300BB355E /* SceneDelegate.swift */,
				BCAEF94B2DAA443300BB355E /* ViewController.swift */,
			);
			path = Application;
			sourceTree = "<group>";
		};
		BCAEF9572DAA44E100BB355E /* Data */ = {
			isa = PBXGroup;
			children = (
				BCAEF95A2DAA452100BB355E /* Network */,
			);
			path = Data;
			sourceTree = "<group>";
		};
		BCAEF9582DAA44EA00BB355E /* Domain */ = {
			isa = PBXGroup;
			children = (
			);
			path = Domain;
			sourceTree = "<group>";
		};
		BCAEF9592DAA44FB00BB355E /* Presentation */ = {
			isa = PBXGroup;
			children = (
			);
			path = Presentation;
			sourceTree = "<group>";
		};
		BCAEF95A2DAA452100BB355E /* Network */ = {
			isa = PBXGroup;
			children = (
				BCAEF9632DAA4A2300BB355E /* Protocols */,
				BCAEF9742DAA5E6600BB355E /* Manager */,
				BCAEF9622DAA4A0500BB355E /* Base */,
				BCAEF9642DAA4A2F00BB355E /* EndPoint */,
				BCAEF95B2DAA45A400BB355E /* DTO */,
			);
			path = Network;
			sourceTree = "<group>";
		};
		BCAEF95B2DAA45A400BB355E /* DTO */ = {
			isa = PBXGroup;
			children = (
			);
			path = DTO;
			sourceTree = "<group>";
		};
		BCAEF9622DAA4A0500BB355E /* Base */ = {
			isa = PBXGroup;
			children = (
				BCAEF95C2DAA468F00BB355E /* APIConstant.swift */,
				BCAEF9602DAA479B00BB355E /* HttpMethod.swift */,
				BCAEF95E2DAA475100BB355E /* NetworkError.swift */,
				BCAEF96E2DAA51AA00BB355E /* ServerError.swift */,
			);
			path = Base;
			sourceTree = "<group>";
		};
		BCAEF9632DAA4A2300BB355E /* Protocols */ = {
			isa = PBXGroup;
			children = (
				BCAEF9722DAA5D0E00BB355E /* NetworkManagerProtocol.swift */,
				BCAEF9672DAA4A7900BB355E /* Requestable.swift */,
				BCAEF9702DAA5BC800BB355E /* Cancellable.swift */,
			);
			path = Protocols;
			sourceTree = "<group>";
		};
		BCAEF9642DAA4A2F00BB355E /* EndPoint */ = {
			isa = PBXGroup;
			children = (
				BCAEF9692DAA4A8400BB355E /* Endpoint.swift */,
				BCAEF96B2DAA4A8F00BB355E /* JSONBodyEndPoint.swift */,
			);
			path = EndPoint;
			sourceTree = "<group>";
		};
		BCAEF9742DAA5E6600BB355E /* Manager */ = {
			isa = PBXGroup;
			children = (
				BCAEF9652DAA4A6600BB355E /* NetworkManager.swift */,
			);
			path = Manager;
			sourceTree = "<group>";
		};
/* End PBXGroup section */

/* Begin PBXNativeTarget section */
		BC88D01E2DA27DB10033D52F /* CaloLink */ = {
			isa = PBXNativeTarget;
			buildConfigurationList = BC88D0322DA27DB30033D52F /* Build configuration list for PBXNativeTarget "CaloLink" */;
			buildPhases = (
				BC88D01B2DA27DB10033D52F /* Sources */,
				BC88D04C2DA2B7A30033D52F /* SwiftLint Script */,
				BC88D01C2DA27DB10033D52F /* Frameworks */,
				BC88D01D2DA27DB10033D52F /* Resources */,
			);
			buildRules = (
			);
			dependencies = (
			);
			fileSystemSynchronizedGroups = (
				BC88D0212DA27DB10033D52F /* CaloLink */,
			);
			name = CaloLink;
			packageProductDependencies = (
			);
			productName = CaloLink;
			productReference = BC88D01F2DA27DB10033D52F /* CaloLink.app */;
			productType = "com.apple.product-type.application";
		};
/* End PBXNativeTarget section */

/* Begin PBXProject section */
		BC88D0172DA27DB10033D52F /* Project object */ = {
			isa = PBXProject;
			attributes = {
				BuildIndependentTargetsInParallel = 1;
				LastSwiftUpdateCheck = 1630;
				LastUpgradeCheck = 1630;
				TargetAttributes = {
					BC88D01E2DA27DB10033D52F = {
						CreatedOnToolsVersion = 16.3;
					};
				};
			};
			buildConfigurationList = BC88D01A2DA27DB10033D52F /* Build configuration list for PBXProject "CaloLink" */;
			developmentRegion = en;
			hasScannedForEncodings = 0;
			knownRegions = (
				en,
				Base,
			);
			mainGroup = BC88D0162DA27DB10033D52F;
			minimizedProjectReferenceProxies = 1;
			packageReferences = (
				BC88D0472DA2AA800033D52F /* XCRemoteSwiftPackageReference "SwiftLintPlugins" */,
			);
			preferredProjectObjectVersion = 77;
			productRefGroup = BC88D0202DA27DB10033D52F /* Products */;
			projectDirPath = "";
			projectRoot = "";
			targets = (
				BC88D01E2DA27DB10033D52F /* CaloLink */,
			);
		};
/* End PBXProject section */

/* Begin PBXResourcesBuildPhase section */
		BC88D01D2DA27DB10033D52F /* Resources */ = {
			isa = PBXResourcesBuildPhase;
			buildActionMask = 2147483647;
			files = (
				BC88D0492DA2AE0D0033D52F /* .swiftlint.yml in Resources */,
				BCAEF9502DAA443300BB355E /* Assets.xcassets in Resources */,
				BCAEF9522DAA443300BB355E /* LaunchScreen.storyboard in Resources */,
			);
			runOnlyForDeploymentPostprocessing = 0;
		};
/* End PBXResourcesBuildPhase section */

/* Begin PBXShellScriptBuildPhase section */
		BC88D04C2DA2B7A30033D52F /* SwiftLint Script */ = {
			isa = PBXShellScriptBuildPhase;
			alwaysOutOfDate = 1;
			buildActionMask = 2147483647;
			files = (
			);
			inputFileListPaths = (
			);
			inputPaths = (
			);
			name = "SwiftLint Script";
			outputFileListPaths = (
			);
			outputPaths = (
			);
			runOnlyForDeploymentPostprocessing = 0;
			shellPath = /bin/sh;
			shellScript = "if [[ \"$(uname -m)\" == arm64 ]]; then\n    export PATH=\"/opt/homebrew/bin:$PATH\"\nfi\n\nif which swiftlint > /dev/null; then\n  swiftlint\nelse\n  echo \"warning: SwiftLint not installed, download from https://github.com/realm/SwiftLint\"\nfi\n";
		};
/* End PBXShellScriptBuildPhase section */

/* Begin PBXSourcesBuildPhase section */
		BC88D01B2DA27DB10033D52F /* Sources */ = {
			isa = PBXSourcesBuildPhase;
			buildActionMask = 2147483647;
			files = (
				BCAEF96F2DAA51AA00BB355E /* ServerError.swift in Sources */,
				BCAEF95D2DAA468F00BB355E /* APIConstant.swift in Sources */,
				BCAEF96A2DAA4A8400BB355E /* Endpoint.swift in Sources */,
				BCAEF9682DAA4A7900BB355E /* Requestable.swift in Sources */,
				BCAEF94D2DAA443300BB355E /* AppDelegate.swift in Sources */,
				BCAEF94E2DAA443300BB355E /* SceneDelegate.swift in Sources */,
				BCAEF9712DAA5BC800BB355E /* Cancellable.swift in Sources */,
				BCAEF9662DAA4A6600BB355E /* NetworkManager.swift in Sources */,
				BCAEF96C2DAA4A8F00BB355E /* JSONBodyEndPoint.swift in Sources */,
				BCAEF94F2DAA443300BB355E /* ViewController.swift in Sources */,
				BCAEF9612DAA479B00BB355E /* HttpMethod.swift in Sources */,
				BCAEF9732DAA5D0E00BB355E /* NetworkManagerProtocol.swift in Sources */,
				BCAEF95F2DAA475100BB355E /* NetworkError.swift in Sources */,
			);
			runOnlyForDeploymentPostprocessing = 0;
		};
/* End PBXSourcesBuildPhase section */

/* Begin PBXVariantGroup section */
		BCAEF9492DAA443300BB355E /* LaunchScreen.storyboard */ = {
			isa = PBXVariantGroup;
			children = (
				BCAEF94C2DAA443300BB355E /* Base */,
			);
			name = LaunchScreen.storyboard;
			sourceTree = "<group>";
		};
/* End PBXVariantGroup section */

/* Begin XCBuildConfiguration section */
		BC88D0332DA27DB30033D52F /* Debug */ = {
			isa = XCBuildConfiguration;
			buildSettings = {
				ASSETCATALOG_COMPILER_APPICON_NAME = AppIcon;
				ASSETCATALOG_COMPILER_GLOBAL_ACCENT_COLOR_NAME = AccentColor;
				CODE_SIGN_STYLE = Automatic;
				CURRENT_PROJECT_VERSION = 1;
				DEVELOPMENT_TEAM = 4UKSP7K2F4;
				ENABLE_USER_SCRIPT_SANDBOXING = NO;
				GENERATE_INFOPLIST_FILE = YES;
				INFOPLIST_FILE = CaloLink/Info.plist;
				INFOPLIST_KEY_UIApplicationSupportsIndirectInputEvents = YES;
				INFOPLIST_KEY_UILaunchStoryboardName = LaunchScreen;
				INFOPLIST_KEY_UISupportedInterfaceOrientations_iPad = "UIInterfaceOrientationPortrait UIInterfaceOrientationPortraitUpsideDown UIInterfaceOrientationLandscapeLeft UIInterfaceOrientationLandscapeRight";
				INFOPLIST_KEY_UISupportedInterfaceOrientations_iPhone = "UIInterfaceOrientationPortrait UIInterfaceOrientationLandscapeLeft UIInterfaceOrientationLandscapeRight";
				LD_RUNPATH_SEARCH_PATHS = (
					"$(inherited)",
					"@executable_path/Frameworks",
				);
				MARKETING_VERSION = 1.0;
				PRODUCT_BUNDLE_IDENTIFIER = snughnu.CaloLink;
				PRODUCT_NAME = "$(TARGET_NAME)";
				SWIFT_EMIT_LOC_STRINGS = YES;
				SWIFT_VERSION = 5.0;
				TARGETED_DEVICE_FAMILY = "1,2";
			};
			name = Debug;
		};
		BC88D0342DA27DB30033D52F /* Release */ = {
			isa = XCBuildConfiguration;
			buildSettings = {
				ASSETCATALOG_COMPILER_APPICON_NAME = AppIcon;
				ASSETCATALOG_COMPILER_GLOBAL_ACCENT_COLOR_NAME = AccentColor;
				CODE_SIGN_STYLE = Automatic;
				CURRENT_PROJECT_VERSION = 1;
				DEVELOPMENT_TEAM = 4UKSP7K2F4;
				ENABLE_USER_SCRIPT_SANDBOXING = NO;
				GENERATE_INFOPLIST_FILE = YES;
				INFOPLIST_FILE = CaloLink/Info.plist;
				INFOPLIST_KEY_UIApplicationSupportsIndirectInputEvents = YES;
				INFOPLIST_KEY_UILaunchStoryboardName = LaunchScreen;
				INFOPLIST_KEY_UISupportedInterfaceOrientations_iPad = "UIInterfaceOrientationPortrait UIInterfaceOrientationPortraitUpsideDown UIInterfaceOrientationLandscapeLeft UIInterfaceOrientationLandscapeRight";
				INFOPLIST_KEY_UISupportedInterfaceOrientations_iPhone = "UIInterfaceOrientationPortrait UIInterfaceOrientationLandscapeLeft UIInterfaceOrientationLandscapeRight";
				LD_RUNPATH_SEARCH_PATHS = (
					"$(inherited)",
					"@executable_path/Frameworks",
				);
				MARKETING_VERSION = 1.0;
				PRODUCT_BUNDLE_IDENTIFIER = snughnu.CaloLink;
				PRODUCT_NAME = "$(TARGET_NAME)";
				SWIFT_EMIT_LOC_STRINGS = YES;
				SWIFT_VERSION = 5.0;
				TARGETED_DEVICE_FAMILY = "1,2";
			};
			name = Release;
		};
		BC88D0352DA27DB30033D52F /* Debug */ = {
			isa = XCBuildConfiguration;
			buildSettings = {
				ALWAYS_SEARCH_USER_PATHS = NO;
				ASSETCATALOG_COMPILER_GENERATE_SWIFT_ASSET_SYMBOL_EXTENSIONS = YES;
				CLANG_ANALYZER_NONNULL = YES;
				CLANG_ANALYZER_NUMBER_OBJECT_CONVERSION = YES_AGGRESSIVE;
				CLANG_CXX_LANGUAGE_STANDARD = "gnu++20";
				CLANG_ENABLE_MODULES = YES;
				CLANG_ENABLE_OBJC_ARC = YES;
				CLANG_ENABLE_OBJC_WEAK = YES;
				CLANG_WARN_BLOCK_CAPTURE_AUTORELEASING = YES;
				CLANG_WARN_BOOL_CONVERSION = YES;
				CLANG_WARN_COMMA = YES;
				CLANG_WARN_CONSTANT_CONVERSION = YES;
				CLANG_WARN_DEPRECATED_OBJC_IMPLEMENTATIONS = YES;
				CLANG_WARN_DIRECT_OBJC_ISA_USAGE = YES_ERROR;
				CLANG_WARN_DOCUMENTATION_COMMENTS = YES;
				CLANG_WARN_EMPTY_BODY = YES;
				CLANG_WARN_ENUM_CONVERSION = YES;
				CLANG_WARN_INFINITE_RECURSION = YES;
				CLANG_WARN_INT_CONVERSION = YES;
				CLANG_WARN_NON_LITERAL_NULL_CONVERSION = YES;
				CLANG_WARN_OBJC_IMPLICIT_RETAIN_SELF = YES;
				CLANG_WARN_OBJC_LITERAL_CONVERSION = YES;
				CLANG_WARN_OBJC_ROOT_CLASS = YES_ERROR;
				CLANG_WARN_QUOTED_INCLUDE_IN_FRAMEWORK_HEADER = YES;
				CLANG_WARN_RANGE_LOOP_ANALYSIS = YES;
				CLANG_WARN_STRICT_PROTOTYPES = YES;
				CLANG_WARN_SUSPICIOUS_MOVE = YES;
				CLANG_WARN_UNGUARDED_AVAILABILITY = YES_AGGRESSIVE;
				CLANG_WARN_UNREACHABLE_CODE = YES;
				CLANG_WARN__DUPLICATE_METHOD_MATCH = YES;
				COPY_PHASE_STRIP = NO;
				DEBUG_INFORMATION_FORMAT = dwarf;
				DEVELOPMENT_TEAM = 4UKSP7K2F4;
				ENABLE_STRICT_OBJC_MSGSEND = YES;
				ENABLE_TESTABILITY = YES;
				ENABLE_USER_SCRIPT_SANDBOXING = YES;
				GCC_C_LANGUAGE_STANDARD = gnu17;
				GCC_DYNAMIC_NO_PIC = NO;
				GCC_NO_COMMON_BLOCKS = YES;
				GCC_OPTIMIZATION_LEVEL = 0;
				GCC_PREPROCESSOR_DEFINITIONS = (
					"DEBUG=1",
					"$(inherited)",
				);
				GCC_WARN_64_TO_32_BIT_CONVERSION = YES;
				GCC_WARN_ABOUT_RETURN_TYPE = YES_ERROR;
				GCC_WARN_UNDECLARED_SELECTOR = YES;
				GCC_WARN_UNINITIALIZED_AUTOS = YES_AGGRESSIVE;
				GCC_WARN_UNUSED_FUNCTION = YES;
				GCC_WARN_UNUSED_VARIABLE = YES;
				IPHONEOS_DEPLOYMENT_TARGET = 18.4;
				LOCALIZATION_PREFERS_STRING_CATALOGS = YES;
				MTL_ENABLE_DEBUG_INFO = INCLUDE_SOURCE;
				MTL_FAST_MATH = YES;
				ONLY_ACTIVE_ARCH = YES;
				SDKROOT = iphoneos;
				SWIFT_ACTIVE_COMPILATION_CONDITIONS = "DEBUG $(inherited)";
				SWIFT_OPTIMIZATION_LEVEL = "-Onone";
			};
			name = Debug;
		};
		BC88D0362DA27DB30033D52F /* Release */ = {
			isa = XCBuildConfiguration;
			buildSettings = {
				ALWAYS_SEARCH_USER_PATHS = NO;
				ASSETCATALOG_COMPILER_GENERATE_SWIFT_ASSET_SYMBOL_EXTENSIONS = YES;
				CLANG_ANALYZER_NONNULL = YES;
				CLANG_ANALYZER_NUMBER_OBJECT_CONVERSION = YES_AGGRESSIVE;
				CLANG_CXX_LANGUAGE_STANDARD = "gnu++20";
				CLANG_ENABLE_MODULES = YES;
				CLANG_ENABLE_OBJC_ARC = YES;
				CLANG_ENABLE_OBJC_WEAK = YES;
				CLANG_WARN_BLOCK_CAPTURE_AUTORELEASING = YES;
				CLANG_WARN_BOOL_CONVERSION = YES;
				CLANG_WARN_COMMA = YES;
				CLANG_WARN_CONSTANT_CONVERSION = YES;
				CLANG_WARN_DEPRECATED_OBJC_IMPLEMENTATIONS = YES;
				CLANG_WARN_DIRECT_OBJC_ISA_USAGE = YES_ERROR;
				CLANG_WARN_DOCUMENTATION_COMMENTS = YES;
				CLANG_WARN_EMPTY_BODY = YES;
				CLANG_WARN_ENUM_CONVERSION = YES;
				CLANG_WARN_INFINITE_RECURSION = YES;
				CLANG_WARN_INT_CONVERSION = YES;
				CLANG_WARN_NON_LITERAL_NULL_CONVERSION = YES;
				CLANG_WARN_OBJC_IMPLICIT_RETAIN_SELF = YES;
				CLANG_WARN_OBJC_LITERAL_CONVERSION = YES;
				CLANG_WARN_OBJC_ROOT_CLASS = YES_ERROR;
				CLANG_WARN_QUOTED_INCLUDE_IN_FRAMEWORK_HEADER = YES;
				CLANG_WARN_RANGE_LOOP_ANALYSIS = YES;
				CLANG_WARN_STRICT_PROTOTYPES = YES;
				CLANG_WARN_SUSPICIOUS_MOVE = YES;
				CLANG_WARN_UNGUARDED_AVAILABILITY = YES_AGGRESSIVE;
				CLANG_WARN_UNREACHABLE_CODE = YES;
				CLANG_WARN__DUPLICATE_METHOD_MATCH = YES;
				COPY_PHASE_STRIP = NO;
				DEBUG_INFORMATION_FORMAT = "dwarf-with-dsym";
				DEVELOPMENT_TEAM = 4UKSP7K2F4;
				ENABLE_NS_ASSERTIONS = NO;
				ENABLE_STRICT_OBJC_MSGSEND = YES;
				ENABLE_USER_SCRIPT_SANDBOXING = YES;
				GCC_C_LANGUAGE_STANDARD = gnu17;
				GCC_NO_COMMON_BLOCKS = YES;
				GCC_WARN_64_TO_32_BIT_CONVERSION = YES;
				GCC_WARN_ABOUT_RETURN_TYPE = YES_ERROR;
				GCC_WARN_UNDECLARED_SELECTOR = YES;
				GCC_WARN_UNINITIALIZED_AUTOS = YES_AGGRESSIVE;
				GCC_WARN_UNUSED_FUNCTION = YES;
				GCC_WARN_UNUSED_VARIABLE = YES;
				IPHONEOS_DEPLOYMENT_TARGET = 18.4;
				LOCALIZATION_PREFERS_STRING_CATALOGS = YES;
				MTL_ENABLE_DEBUG_INFO = NO;
				MTL_FAST_MATH = YES;
				SDKROOT = iphoneos;
				SWIFT_COMPILATION_MODE = wholemodule;
				VALIDATE_PRODUCT = YES;
			};
			name = Release;
		};
/* End XCBuildConfiguration section */

/* Begin XCConfigurationList section */
		BC88D01A2DA27DB10033D52F /* Build configuration list for PBXProject "CaloLink" */ = {
			isa = XCConfigurationList;
			buildConfigurations = (
				BC88D0352DA27DB30033D52F /* Debug */,
				BC88D0362DA27DB30033D52F /* Release */,
			);
			defaultConfigurationIsVisible = 0;
			defaultConfigurationName = Release;
		};
		BC88D0322DA27DB30033D52F /* Build configuration list for PBXNativeTarget "CaloLink" */ = {
			isa = XCConfigurationList;
			buildConfigurations = (
				BC88D0332DA27DB30033D52F /* Debug */,
				BC88D0342DA27DB30033D52F /* Release */,
			);
			defaultConfigurationIsVisible = 0;
			defaultConfigurationName = Release;
		};
/* End XCConfigurationList section */

/* Begin XCRemoteSwiftPackageReference section */
		BC88D0472DA2AA800033D52F /* XCRemoteSwiftPackageReference "SwiftLintPlugins" */ = {
			isa = XCRemoteSwiftPackageReference;
			repositoryURL = "https://github.com/SimplyDanny/SwiftLintPlugins";
			requirement = {
				kind = upToNextMajorVersion;
				minimumVersion = 0.59.0;
			};
		};
/* End XCRemoteSwiftPackageReference section */
	};
	rootObject = BC88D0172DA27DB10033D52F /* Project object */;
}
